
Microsoft Visual Studio Solution File, Format Version 12.00
# Visual Studio Version 17
VisualStudioVersion = 17.10.35013.160
MinimumVisualStudioVersion = 10.0.40219.1
Project("{FAE04EC0-301F-11D3-BF4B-00C04F79EFBC}") = "Mercado", "Mercado\Mercado.csproj", "{D96822F8-D6E7-402A-A97E-7860982DA97F}"
EndProject
Project("{FAE04EC0-301F-11D3-BF4B-00C04F79EFBC}") = "Dominio", "Dominio\Dominio.csproj", "{55D63C4F-87A4-48F7-978C-EF73D163DBC2}"
EndProject
Project("{FAE04EC0-301F-11D3-BF4B-00C04F79EFBC}") = "DataBase", "DataBase\DataBase.csproj", "{8A6D9307-29D1-4DFB-B0EC-46AF7A3D5406}"
EndProject
Project("{FAE04EC0-301F-11D3-BF4B-00C04F79EFBC}") = "Controllers", "Controllers\Controllers.csproj", "{FC7ADEB0-05E4-4C00-9518-02CC1C07F41C}"
EndProject
Global
	GlobalSection(SolutionConfigurationPlatforms) = preSolution
		Debug|Any CPU = Debug|Any CPU
		Release|Any CPU = Release|Any CPU
	EndGlobalSection
	GlobalSection(ProjectConfigurationPlatforms) = postSolution
		{D96822F8-D6E7-402A-A97E-7860982DA97F}.Debug|Any CPU.ActiveCfg = Debug|Any CPU
		{D96822F8-D6E7-402A-A97E-7860982DA97F}.Debug|Any CPU.Build.0 = Debug|Any CPU
		{D96822F8-D6E7-402A-A97E-7860982DA97F}.Release|Any CPU.ActiveCfg = Release|Any CPU
		{D96822F8-D6E7-402A-A97E-7860982DA97F}.Release|Any CPU.Build.0 = Release|Any CPU
		{55D63C4F-87A4-48F7-978C-EF73D163DBC2}.Debug|Any CPU.ActiveCfg = Debug|Any CPU
		{55D63C4F-87A4-48F7-978C-EF73D163DBC2}.Debug|Any CPU.Build.0 = Debug|Any CPU
		{55D63C4F-87A4-48F7-978C-EF73D163DBC2}.Release|Any CPU.ActiveCfg = Release|Any CPU
		{55D63C4F-87A4-48F7-978C-EF73D163DBC2}.Release|Any CPU.Build.0 = Release|Any CPU
		{8A6D9307-29D1-4DFB-B0EC-46AF7A3D5406}.Debug|Any CPU.ActiveCfg = Debug|Any CPU
		{8A6D9307-29D1-4DFB-B0EC-46AF7A3D5406}.Debug|Any CPU.Build.0 = Debug|Any CPU
		{8A6D9307-29D1-4DFB-B0EC-46AF7A3D5406}.Release|Any CPU.ActiveCfg = Release|Any CPU
		{8A6D9307-29D1-4DFB-B0EC-46AF7A3D5406}.Release|Any CPU.Build.0 = Release|Any CPU
		{FC7ADEB0-05E4-4C00-9518-02CC1C07F41C}.Debug|Any CPU.ActiveCfg = Debug|Any CPU
		{FC7ADEB0-05E4-4C00-9518-02CC1C07F41C}.Debug|Any CPU.Build.0 = Debug|Any CPU
		{FC7ADEB0-05E4-4C00-9518-02CC1C07F41C}.Release|Any CPU.ActiveCfg = Release|Any CPU
		{FC7ADEB0-05E4-4C00-9518-02CC1C07F41C}.Release|Any CPU.Build.0 = Release|Any CPU
	EndGlobalSection
	GlobalSection(SolutionProperties) = preSolution
		HideSolutionNode = FALSE
	EndGlobalSection
	GlobalSection(ExtensibilityGlobals) = postSolution
		SolutionGuid = {0251A8CB-41AF-4825-B771-9EE81921356C}
	EndGlobalSection
EndGlobal
